
Microsoft Visual Studio Solution File, Format Version 11.00
# Visual Studio 2010
Project("{FAE04EC0-301F-11D3-BF4B-00C04F79EFBC}") = "AdventureTutorial", "Assembly-CSharp.csproj", "{2509A35D-ADF5-52FE-45A6-BE2FB17B2E03}"
EndProject
Project("{FAE04EC0-301F-11D3-BF4B-00C04F79EFBC}") = "AdventureTutorial", "Assembly-CSharp-Editor.csproj", "{9901F5FC-4779-6E26-8281-F05E27A2ECD3}"
EndProject
Global
	GlobalSection(SolutionConfigurationPlatforms) = preSolution
		Debug|Any CPU = Debug|Any CPU
		Release|Any CPU = Release|Any CPU
	EndGlobalSection
	GlobalSection(ProjectConfigurationPlatforms) = postSolution
		{2509A35D-ADF5-52FE-45A6-BE2FB17B2E03}.Debug|Any CPU.ActiveCfg = Debug|Any CPU
		{2509A35D-ADF5-52FE-45A6-BE2FB17B2E03}.Debug|Any CPU.Build.0 = Debug|Any CPU
		{2509A35D-ADF5-52FE-45A6-BE2FB17B2E03}.Release|Any CPU.ActiveCfg = Release|Any CPU
		{2509A35D-ADF5-52FE-45A6-BE2FB17B2E03}.Release|Any CPU.Build.0 = Release|Any CPU
		{9901F5FC-4779-6E26-8281-F05E27A2ECD3}.Debug|Any CPU.ActiveCfg = Debug|Any CPU
		{9901F5FC-4779-6E26-8281-F05E27A2ECD3}.Debug|Any CPU.Build.0 = Debug|Any CPU
		{9901F5FC-4779-6E26-8281-F05E27A2ECD3}.Release|Any CPU.ActiveCfg = Release|Any CPU
		{9901F5FC-4779-6E26-8281-F05E27A2ECD3}.Release|Any CPU.Build.0 = Release|Any CPU
	EndGlobalSection
	GlobalSection(SolutionProperties) = preSolution
		HideSolutionNode = FALSE
	EndGlobalSection
	GlobalSection(MonoDevelopProperties) = preSolution
		StartupItem = Assembly-CSharp.csproj
	EndGlobalSection
EndGlobal
